
Microsoft Visual Studio Solution File, Format Version 12.00
# Visual Studio Version 17
VisualStudioVersion = 17.8.34525.116
MinimumVisualStudioVersion = 10.0.40219.1
Project("{FAE04EC0-301F-11D3-BF4B-00C04F79EFBC}") = "imgharvest", "imgharvest.csproj", "{DB90674F-8EA8-4869-AEA6-BFB841BCD4CE}"
EndProject
Global
	GlobalSection(SolutionConfigurationPlatforms) = preSolution
		Debug|Any CPU = Debug|Any CPU
		Release|Any CPU = Release|Any CPU
	EndGlobalSection
	GlobalSection(ProjectConfigurationPlatforms) = postSolution
		{DB90674F-8EA8-4869-AEA6-BFB841BCD4CE}.Debug|Any CPU.ActiveCfg = Debug|Any CPU
		{DB90674F-8EA8-4869-AEA6-BFB841BCD4CE}.Debug|Any CPU.Build.0 = Debug|Any CPU
		{DB90674F-8EA8-4869-AEA6-BFB841BCD4CE}.Release|Any CPU.ActiveCfg = Release|Any CPU
		{DB90674F-8EA8-4869-AEA6-BFB841BCD4CE}.Release|Any CPU.Build.0 = Release|Any CPU
	EndGlobalSection
	GlobalSection(SolutionProperties) = preSolution
		HideSolutionNode = FALSE
	EndGlobalSection
	GlobalSection(ExtensibilityGlobals) = postSolution
		SolutionGuid = {F1788611-2BC4-487C-8665-7FEBDB6AD5E5}
	EndGlobalSection
EndGlobal
